
Microsoft Visual Studio Solution File, Format Version 12.00
# Visual Studio 14
VisualStudioVersion = 14.0.23107.0
MinimumVisualStudioVersion = 10.0.40219.1
Project("{FAE04EC0-301F-11D3-BF4B-00C04F79EFBC}") = "SWSC.UI", "SWSC.UI\SWSC.UI.csproj", "{AE0CAEE4-1F40-4FB0-8AD7-FE3D0E8ADBF1}"
EndProject
Project("{FAE04EC0-301F-11D3-BF4B-00C04F79EFBC}") = "SWSC.Data", "SWSC.Data\SWSC.Data.csproj", "{F310B162-3C78-45B6-9987-8774042FDCE6}"
EndProject
Project("{FAE04EC0-301F-11D3-BF4B-00C04F79EFBC}") = "SWSC.Utilities", "SWSC.Utilities\SWSC.Utilities.csproj", "{B0A03FC8-F0BF-4D78-8F07-ADA62A33ECD5}"
EndProject
Project("{FAE04EC0-301F-11D3-BF4B-00C04F79EFBC}") = "Ookii.Dialogs.Wpf", "Ookii.Dialogs\src\Ookii.Dialogs.Wpf\Ookii.Dialogs.Wpf.csproj", "{D01B1D20-8F5B-4834-8E5C-C7EC6DD587D4}"
EndProject
Project("{2150E333-8FDC-42A3-9474-1A3956D46DE8}") = "Solution Items", "Solution Items", "{E08EF56F-AB45-4634-8D74-34428DB99D19}"
	ProjectSection(SolutionItems) = preProject
		!TODO.txt = !TODO.txt
		README.md = README.md
	EndProjectSection
EndProject
Global
	GlobalSection(SolutionConfigurationPlatforms) = preSolution
		Debug|Any CPU = Debug|Any CPU
		Release|Any CPU = Release|Any CPU
	EndGlobalSection
	GlobalSection(ProjectConfigurationPlatforms) = postSolution
		{AE0CAEE4-1F40-4FB0-8AD7-FE3D0E8ADBF1}.Debug|Any CPU.ActiveCfg = Debug|Any CPU
		{AE0CAEE4-1F40-4FB0-8AD7-FE3D0E8ADBF1}.Debug|Any CPU.Build.0 = Debug|Any CPU
		{AE0CAEE4-1F40-4FB0-8AD7-FE3D0E8ADBF1}.Release|Any CPU.ActiveCfg = Release|Any CPU
		{AE0CAEE4-1F40-4FB0-8AD7-FE3D0E8ADBF1}.Release|Any CPU.Build.0 = Release|Any CPU
		{F310B162-3C78-45B6-9987-8774042FDCE6}.Debug|Any CPU.ActiveCfg = Debug|Any CPU
		{F310B162-3C78-45B6-9987-8774042FDCE6}.Debug|Any CPU.Build.0 = Debug|Any CPU
		{F310B162-3C78-45B6-9987-8774042FDCE6}.Release|Any CPU.ActiveCfg = Release|Any CPU
		{F310B162-3C78-45B6-9987-8774042FDCE6}.Release|Any CPU.Build.0 = Release|Any CPU
		{B0A03FC8-F0BF-4D78-8F07-ADA62A33ECD5}.Debug|Any CPU.ActiveCfg = Debug|Any CPU
		{B0A03FC8-F0BF-4D78-8F07-ADA62A33ECD5}.Debug|Any CPU.Build.0 = Debug|Any CPU
		{B0A03FC8-F0BF-4D78-8F07-ADA62A33ECD5}.Release|Any CPU.ActiveCfg = Release|Any CPU
		{B0A03FC8-F0BF-4D78-8F07-ADA62A33ECD5}.Release|Any CPU.Build.0 = Release|Any CPU
		{D01B1D20-8F5B-4834-8E5C-C7EC6DD587D4}.Debug|Any CPU.ActiveCfg = Debug|Any CPU
		{D01B1D20-8F5B-4834-8E5C-C7EC6DD587D4}.Debug|Any CPU.Build.0 = Debug|Any CPU
		{D01B1D20-8F5B-4834-8E5C-C7EC6DD587D4}.Release|Any CPU.ActiveCfg = Release|Any CPU
		{D01B1D20-8F5B-4834-8E5C-C7EC6DD587D4}.Release|Any CPU.Build.0 = Release|Any CPU
	EndGlobalSection
	GlobalSection(SolutionProperties) = preSolution
		HideSolutionNode = FALSE
	EndGlobalSection
EndGlobal
